// !$*UTF8*$!
{
	archiveVersion = 1;
	classes = {
	};
	objectVersion = 56;
	objects = {

/* Begin PBXBuildFile section */
		8CB9A16F295594C3007CD647 /* ActivityView.swift in Sources */ = {isa = PBXBuildFile; fileRef = 8CB9A16E295594C3007CD647 /* ActivityView.swift */; };
		8CB9A1712955A5BB007CD647 /* NavigationView.swift in Sources */ = {isa = PBXBuildFile; fileRef = 8CB9A1702955A5BB007CD647 /* NavigationView.swift */; };
		8CB9A1732955BBAD007CD647 /* ListRowView.swift in Sources */ = {isa = PBXBuildFile; fileRef = 8CB9A1722955BBAD007CD647 /* ListRowView.swift */; };
		8CF43210294F5F4E00B4F8F4 /* lastTestApp.swift in Sources */ = {isa = PBXBuildFile; fileRef = 8CF4320F294F5F4E00B4F8F4 /* lastTestApp.swift */; };
		8CF43212294F5F4E00B4F8F4 /* ContentView.swift in Sources */ = {isa = PBXBuildFile; fileRef = 8CF43211294F5F4E00B4F8F4 /* ContentView.swift */; };
		8CF43214294F5F5000B4F8F4 /* Assets.xcassets in Resources */ = {isa = PBXBuildFile; fileRef = 8CF43213294F5F5000B4F8F4 /* Assets.xcassets */; };
		8CF43217294F5F5000B4F8F4 /* Preview Assets.xcassets in Resources */ = {isa = PBXBuildFile; fileRef = 8CF43216294F5F5000B4F8F4 /* Preview Assets.xcassets */; };
		8CF43221294F5F5100B4F8F4 /* lastTestTests.swift in Sources */ = {isa = PBXBuildFile; fileRef = 8CF43220294F5F5100B4F8F4 /* lastTestTests.swift */; };
		8CF4322B294F5F5100B4F8F4 /* lastTestUITests.swift in Sources */ = {isa = PBXBuildFile; fileRef = 8CF4322A294F5F5100B4F8F4 /* lastTestUITests.swift */; };
		8CF4322D294F5F5100B4F8F4 /* lastTestUITestsLaunchTests.swift in Sources */ = {isa = PBXBuildFile; fileRef = 8CF4322C294F5F5100B4F8F4 /* lastTestUITestsLaunchTests.swift */; };
		8CF4323A294F5F6900B4F8F4 /* model.swift in Sources */ = {isa = PBXBuildFile; fileRef = 8CF43239294F5F6900B4F8F4 /* model.swift */; };
		8CF4323E294F605200B4F8F4 /* SwiftUIView.swift in Sources */ = {isa = PBXBuildFile; fileRef = 8CF4323D294F605200B4F8F4 /* SwiftUIView.swift */; };
/* End PBXBuildFile section */

/* Begin PBXContainerItemProxy section */
		8CF4321D294F5F5100B4F8F4 /* PBXContainerItemProxy */ = {
			isa = PBXContainerItemProxy;
			containerPortal = 8CF43204294F5F4E00B4F8F4 /* Project object */;
			proxyType = 1;
			remoteGlobalIDString = 8CF4320B294F5F4E00B4F8F4;
			remoteInfo = lastTest;
		};
		8CF43227294F5F5100B4F8F4 /* PBXContainerItemProxy */ = {
			isa = PBXContainerItemProxy;
			containerPortal = 8CF43204294F5F4E00B4F8F4 /* Project object */;
			proxyType = 1;
			remoteGlobalIDString = 8CF4320B294F5F4E00B4F8F4;
			remoteInfo = lastTest;
		};
/* End PBXContainerItemProxy section */

/* Begin PBXFileReference section */
		8CB9A16E295594C3007CD647 /* ActivityView.swift */ = {isa = PBXFileReference; lastKnownFileType = sourcecode.swift; path = ActivityView.swift; sourceTree = "<group>"; };
		8CB9A1702955A5BB007CD647 /* NavigationView.swift */ = {isa = PBXFileReference; lastKnownFileType = sourcecode.swift; path = NavigationView.swift; sourceTree = "<group>"; };
		8CB9A1722955BBAD007CD647 /* ListRowView.swift */ = {isa = PBXFileReference; lastKnownFileType = sourcecode.swift; path = ListRowView.swift; sourceTree = "<group>"; };
		8CF4320C294F5F4E00B4F8F4 /* lastTest.app */ = {isa = PBXFileReference; explicitFileType = wrapper.application; includeInIndex = 0; path = lastTest.app; sourceTree = BUILT_PRODUCTS_DIR; };
		8CF4320F294F5F4E00B4F8F4 /* lastTestApp.swift */ = {isa = PBXFileReference; lastKnownFileType = sourcecode.swift; path = lastTestApp.swift; sourceTree = "<group>"; };
		8CF43211294F5F4E00B4F8F4 /* ContentView.swift */ = {isa = PBXFileReference; lastKnownFileType = sourcecode.swift; path = ContentView.swift; sourceTree = "<group>"; };
		8CF43213294F5F5000B4F8F4 /* Assets.xcassets */ = {isa = PBXFileReference; lastKnownFileType = folder.assetcatalog; path = Assets.xcassets; sourceTree = "<group>"; };
		8CF43216294F5F5000B4F8F4 /* Preview Assets.xcassets */ = {isa = PBXFileReference; lastKnownFileType = folder.assetcatalog; path = "Preview Assets.xcassets"; sourceTree = "<group>"; };
		8CF4321C294F5F5100B4F8F4 /* lastTestTests.xctest */ = {isa = PBXFileReference; explicitFileType = wrapper.cfbundle; includeInIndex = 0; path = lastTestTests.xctest; sourceTree = BUILT_PRODUCTS_DIR; };
		8CF43220294F5F5100B4F8F4 /* lastTestTests.swift */ = {isa = PBXFileReference; lastKnownFileType = sourcecode.swift; path = lastTestTests.swift; sourceTree = "<group>"; };
		8CF43226294F5F5100B4F8F4 /* lastTestUITests.xctest */ = {isa = PBXFileReference; explicitFileType = wrapper.cfbundle; includeInIndex = 0; path = lastTestUITests.xctest; sourceTree = BUILT_PRODUCTS_DIR; };
		8CF4322A294F5F5100B4F8F4 /* lastTestUITests.swift */ = {isa = PBXFileReference; lastKnownFileType = sourcecode.swift; path = lastTestUITests.swift; sourceTree = "<group>"; };
		8CF4322C294F5F5100B4F8F4 /* lastTestUITestsLaunchTests.swift */ = {isa = PBXFileReference; lastKnownFileType = sourcecode.swift; path = lastTestUITestsLaunchTests.swift; sourceTree = "<group>"; };
		8CF43239294F5F6900B4F8F4 /* model.swift */ = {isa = PBXFileReference; lastKnownFileType = sourcecode.swift; path = model.swift; sourceTree = "<group>"; };
		8CF4323D294F605200B4F8F4 /* SwiftUIView.swift */ = {isa = PBXFileReference; lastKnownFileType = sourcecode.swift; path = SwiftUIView.swift; sourceTree = "<group>"; };
/* End PBXFileReference section */

/* Begin PBXFrameworksBuildPhase section */
		8CF43209294F5F4E00B4F8F4 /* Frameworks */ = {
			isa = PBXFrameworksBuildPhase;
			buildActionMask = 2147483647;
			files = (
			);
			runOnlyForDeploymentPostprocessing = 0;
		};
		8CF43219294F5F5100B4F8F4 /* Frameworks */ = {
			isa = PBXFrameworksBuildPhase;
			buildActionMask = 2147483647;
			files = (
			);
			runOnlyForDeploymentPostprocessing = 0;
		};
		8CF43223294F5F5100B4F8F4 /* Frameworks */ = {
			isa = PBXFrameworksBuildPhase;
			buildActionMask = 2147483647;
			files = (
			);
			runOnlyForDeploymentPostprocessing = 0;
		};
/* End PBXFrameworksBuildPhase section */

/* Begin PBXGroup section */
		8CF43203294F5F4E00B4F8F4 = {
			isa = PBXGroup;
			children = (
				8CF4320E294F5F4E00B4F8F4 /* lastTest */,
				8CF4321F294F5F5100B4F8F4 /* lastTestTests */,
				8CF43229294F5F5100B4F8F4 /* lastTestUITests */,
				8CF4320D294F5F4E00B4F8F4 /* Products */,
			);
			sourceTree = "<group>";
		};
		8CF4320D294F5F4E00B4F8F4 /* Products */ = {
			isa = PBXGroup;
			children = (
				8CF4320C294F5F4E00B4F8F4 /* lastTest.app */,
				8CF4321C294F5F5100B4F8F4 /* lastTestTests.xctest */,
				8CF43226294F5F5100B4F8F4 /* lastTestUITests.xctest */,
			);
			name = Products;
			sourceTree = "<group>";
		};
		8CF4320E294F5F4E00B4F8F4 /* lastTest */ = {
			isa = PBXGroup;
			children = (
				8CF4320F294F5F4E00B4F8F4 /* lastTestApp.swift */,
				8CF43211294F5F4E00B4F8F4 /* ContentView.swift */,
				8CB9A1702955A5BB007CD647 /* NavigationView.swift */,
				8CB9A1722955BBAD007CD647 /* ListRowView.swift */,
				8CF4323D294F605200B4F8F4 /* SwiftUIView.swift */,
				8CB9A16E295594C3007CD647 /* ActivityView.swift */,
				8CF43239294F5F6900B4F8F4 /* model.swift */,
				8CF43213294F5F5000B4F8F4 /* Assets.xcassets */,
				8CF43215294F5F5000B4F8F4 /* Preview Content */,
			);
			path = lastTest;
			sourceTree = "<group>";
		};
		8CF43215294F5F5000B4F8F4 /* Preview Content */ = {
			isa = PBXGroup;
			children = (
				8CF43216294F5F5000B4F8F4 /* Preview Assets.xcassets */,
			);
			path = "Preview Content";
			sourceTree = "<group>";
		};
		8CF4321F294F5F5100B4F8F4 /* lastTestTests */ = {
			isa = PBXGroup;
			children = (
				8CF43220294F5F5100B4F8F4 /* lastTestTests.swift */,
			);
			path = lastTestTests;
			sourceTree = "<group>";
		};
		8CF43229294F5F5100B4F8F4 /* lastTestUITests */ = {
			isa = PBXGroup;
			children = (
				8CF4322A294F5F5100B4F8F4 /* lastTestUITests.swift */,
				8CF4322C294F5F5100B4F8F4 /* lastTestUITestsLaunchTests.swift */,
			);
			path = lastTestUITests;
			sourceTree = "<group>";
		};
/* End PBXGroup section */

/* Begin PBXNativeTarget section */
		8CF4320B294F5F4E00B4F8F4 /* lastTest */ = {
			isa = PBXNativeTarget;
			buildConfigurationList = 8CF43230294F5F5100B4F8F4 /* Build configuration list for PBXNativeTarget "lastTest" */;
			buildPhases = (
				8CF43208294F5F4E00B4F8F4 /* Sources */,
				8CF43209294F5F4E00B4F8F4 /* Frameworks */,
				8CF4320A294F5F4E00B4F8F4 /* Resources */,
			);
			buildRules = (
			);
			dependencies = (
			);
			name = lastTest;
			productName = lastTest;
			productReference = 8CF4320C294F5F4E00B4F8F4 /* lastTest.app */;
			productType = "com.apple.product-type.application";
		};
		8CF4321B294F5F5100B4F8F4 /* lastTestTests */ = {
			isa = PBXNativeTarget;
			buildConfigurationList = 8CF43233294F5F5100B4F8F4 /* Build configuration list for PBXNativeTarget "lastTestTests" */;
			buildPhases = (
				8CF43218294F5F5100B4F8F4 /* Sources */,
				8CF43219294F5F5100B4F8F4 /* Frameworks */,
				8CF4321A294F5F5100B4F8F4 /* Resources */,
			);
			buildRules = (
			);
			dependencies = (
				8CF4321E294F5F5100B4F8F4 /* PBXTargetDependency */,
			);
			name = lastTestTests;
			productName = lastTestTests;
			productReference = 8CF4321C294F5F5100B4F8F4 /* lastTestTests.xctest */;
			productType = "com.apple.product-type.bundle.unit-test";
		};
		8CF43225294F5F5100B4F8F4 /* lastTestUITests */ = {
			isa = PBXNativeTarget;
			buildConfigurationList = 8CF43236294F5F5100B4F8F4 /* Build configuration list for PBXNativeTarget "lastTestUITests" */;
			buildPhases = (
				8CF43222294F5F5100B4F8F4 /* Sources */,
				8CF43223294F5F5100B4F8F4 /* Frameworks */,
				8CF43224294F5F5100B4F8F4 /* Resources */,
			);
			buildRules = (
			);
			dependencies = (
				8CF43228294F5F5100B4F8F4 /* PBXTargetDependency */,
			);
			name = lastTestUITests;
			productName = lastTestUITests;
			productReference = 8CF43226294F5F5100B4F8F4 /* lastTestUITests.xctest */;
			productType = "com.apple.product-type.bundle.ui-testing";
		};
/* End PBXNativeTarget section */

/* Begin PBXProject section */
		8CF43204294F5F4E00B4F8F4 /* Project object */ = {
			isa = PBXProject;
			attributes = {
				BuildIndependentTargetsInParallel = 1;
				LastSwiftUpdateCheck = 1410;
				LastUpgradeCheck = 1410;
				TargetAttributes = {
					8CF4320B294F5F4E00B4F8F4 = {
						CreatedOnToolsVersion = 14.1;
					};
					8CF4321B294F5F5100B4F8F4 = {
						CreatedOnToolsVersion = 14.1;
						TestTargetID = 8CF4320B294F5F4E00B4F8F4;
					};
					8CF43225294F5F5100B4F8F4 = {
						CreatedOnToolsVersion = 14.1;
						TestTargetID = 8CF4320B294F5F4E00B4F8F4;
					};
				};
			};
			buildConfigurationList = 8CF43207294F5F4E00B4F8F4 /* Build configuration list for PBXProject "lastTest" */;
			compatibilityVersion = "Xcode 14.0";
			developmentRegion = en;
			hasScannedForEncodings = 0;
			knownRegions = (
				en,
				Base,
			);
			mainGroup = 8CF43203294F5F4E00B4F8F4;
			productRefGroup = 8CF4320D294F5F4E00B4F8F4 /* Products */;
			projectDirPath = "";
			projectRoot = "";
			targets = (
				8CF4320B294F5F4E00B4F8F4 /* lastTest */,
				8CF4321B294F5F5100B4F8F4 /* lastTestTests */,
				8CF43225294F5F5100B4F8F4 /* lastTestUITests */,
			);
		};
/* End PBXProject section */

/* Begin PBXResourcesBuildPhase section */
		8CF4320A294F5F4E00B4F8F4 /* Resources */ = {
			isa = PBXResourcesBuildPhase;
			buildActionMask = 2147483647;
			files = (
				8CF43217294F5F5000B4F8F4 /* Preview Assets.xcassets in Resources */,
				8CF43214294F5F5000B4F8F4 /* Assets.xcassets in Resources */,
			);
			runOnlyForDeploymentPostprocessing = 0;
		};
		8CF4321A294F5F5100B4F8F4 /* Resources */ = {
			isa = PBXResourcesBuildPhase;
			buildActionMask = 2147483647;
			files = (
			);
			runOnlyForDeploymentPostprocessing = 0;
		};
		8CF43224294F5F5100B4F8F4 /* Resources */ = {
			isa = PBXResourcesBuildPhase;
			buildActionMask = 2147483647;
			files = (
			);
			runOnlyForDeploymentPostprocessing = 0;
		};
/* End PBXResourcesBuildPhase section */

/* Begin PBXSourcesBuildPhase section */
		8CF43208294F5F4E00B4F8F4 /* Sources */ = {
			isa = PBXSourcesBuildPhase;
			buildActionMask = 2147483647;
			files = (
				8CF43212294F5F4E00B4F8F4 /* ContentView.swift in Sources */,
				8CB9A1732955BBAD007CD647 /* ListRowView.swift in Sources */,
				8CF4323A294F5F6900B4F8F4 /* model.swift in Sources */,
				8CF43210294F5F4E00B4F8F4 /* lastTestApp.swift in Sources */,
				8CB9A16F295594C3007CD647 /* ActivityView.swift in Sources */,
				8CB9A1712955A5BB007CD647 /* NavigationView.swift in Sources */,
				8CF4323E294F605200B4F8F4 /* SwiftUIView.swift in Sources */,
			);
			runOnlyForDeploymentPostprocessing = 0;
		};
		8CF43218294F5F5100B4F8F4 /* Sources */ = {
			isa = PBXSourcesBuildPhase;
			buildActionMask = 2147483647;
			files = (
				8CF43221294F5F5100B4F8F4 /* lastTestTests.swift in Sources */,
			);
			runOnlyForDeploymentPostprocessing = 0;
		};
		8CF43222294F5F5100B4F8F4 /* Sources */ = {
			isa = PBXSourcesBuildPhase;
			buildActionMask = 2147483647;
			files = (
				8CF4322D294F5F5100B4F8F4 /* lastTestUITestsLaunchTests.swift in Sources */,
				8CF4322B294F5F5100B4F8F4 /* lastTestUITests.swift in Sources */,
			);
			runOnlyForDeploymentPostprocessing = 0;
		};
/* End PBXSourcesBuildPhase section */

/* Begin PBXTargetDependency section */
		8CF4321E294F5F5100B4F8F4 /* PBXTargetDependency */ = {
			isa = PBXTargetDependency;
			target = 8CF4320B294F5F4E00B4F8F4 /* lastTest */;
			targetProxy = 8CF4321D294F5F5100B4F8F4 /* PBXContainerItemProxy */;
		};
		8CF43228294F5F5100B4F8F4 /* PBXTargetDependency */ = {
			isa = PBXTargetDependency;
			target = 8CF4320B294F5F4E00B4F8F4 /* lastTest */;
			targetProxy = 8CF43227294F5F5100B4F8F4 /* PBXContainerItemProxy */;
		};
/* End PBXTargetDependency section */

/* Begin XCBuildConfiguration section */
		8CF4322E294F5F5100B4F8F4 /* Debug */ = {
			isa = XCBuildConfiguration;
			buildSettings = {
				ALWAYS_SEARCH_USER_PATHS = NO;
				CLANG_ANALYZER_NONNULL = YES;
				CLANG_ANALYZER_NUMBER_OBJECT_CONVERSION = YES_AGGRESSIVE;
				CLANG_CXX_LANGUAGE_STANDARD = "gnu++20";
				CLANG_ENABLE_MODULES = YES;
				CLANG_ENABLE_OBJC_ARC = YES;
				CLANG_ENABLE_OBJC_WEAK = YES;
				CLANG_WARN_BLOCK_CAPTURE_AUTORELEASING = YES;
				CLANG_WARN_BOOL_CONVERSION = YES;
				CLANG_WARN_COMMA = YES;
				CLANG_WARN_CONSTANT_CONVERSION = YES;
				CLANG_WARN_DEPRECATED_OBJC_IMPLEMENTATIONS = YES;
				CLANG_WARN_DIRECT_OBJC_ISA_USAGE = YES_ERROR;
				CLANG_WARN_DOCUMENTATION_COMMENTS = YES;
				CLANG_WARN_EMPTY_BODY = YES;
				CLANG_WARN_ENUM_CONVERSION = YES;
				CLANG_WARN_INFINITE_RECURSION = YES;
				CLANG_WARN_INT_CONVERSION = YES;
				CLANG_WARN_NON_LITERAL_NULL_CONVERSION = YES;
				CLANG_WARN_OBJC_IMPLICIT_RETAIN_SELF = YES;
				CLANG_WARN_OBJC_LITERAL_CONVERSION = YES;
				CLANG_WARN_OBJC_ROOT_CLASS = YES_ERROR;
				CLANG_WARN_QUOTED_INCLUDE_IN_FRAMEWORK_HEADER = YES;
				CLANG_WARN_RANGE_LOOP_ANALYSIS = YES;
				CLANG_WARN_STRICT_PROTOTYPES = YES;
				CLANG_WARN_SUSPICIOUS_MOVE = YES;
				CLANG_WARN_UNGUARDED_AVAILABILITY = YES_AGGRESSIVE;
				CLANG_WARN_UNREACHABLE_CODE = YES;
				CLANG_WARN__DUPLICATE_METHOD_MATCH = YES;
				COPY_PHASE_STRIP = NO;
				DEBUG_INFORMATION_FORMAT = dwarf;
				ENABLE_STRICT_OBJC_MSGSEND = YES;
				ENABLE_TESTABILITY = YES;
				GCC_C_LANGUAGE_STANDARD = gnu11;
				GCC_DYNAMIC_NO_PIC = NO;
				GCC_NO_COMMON_BLOCKS = YES;
				GCC_OPTIMIZATION_LEVEL = 0;
				GCC_PREPROCESSOR_DEFINITIONS = (
					"DEBUG=1",
					"$(inherited)",
				);
				GCC_WARN_64_TO_32_BIT_CONVERSION = YES;
				GCC_WARN_ABOUT_RETURN_TYPE = YES_ERROR;
				GCC_WARN_UNDECLARED_SELECTOR = YES;
				GCC_WARN_UNINITIALIZED_AUTOS = YES_AGGRESSIVE;
				GCC_WARN_UNUSED_FUNCTION = YES;
				GCC_WARN_UNUSED_VARIABLE = YES;
				IPHONEOS_DEPLOYMENT_TARGET = 16.1;
				MTL_ENABLE_DEBUG_INFO = INCLUDE_SOURCE;
				MTL_FAST_MATH = YES;
				ONLY_ACTIVE_ARCH = YES;
				SDKROOT = iphoneos;
				SWIFT_ACTIVE_COMPILATION_CONDITIONS = DEBUG;
				SWIFT_OPTIMIZATION_LEVEL = "-Onone";
			};
			name = Debug;
		};
		8CF4322F294F5F5100B4F8F4 /* Release */ = {
			isa = XCBuildConfiguration;
			buildSettings = {
				ALWAYS_SEARCH_USER_PATHS = NO;
				CLANG_ANALYZER_NONNULL = YES;
				CLANG_ANALYZER_NUMBER_OBJECT_CONVERSION = YES_AGGRESSIVE;
				CLANG_CXX_LANGUAGE_STANDARD = "gnu++20";
				CLANG_ENABLE_MODULES = YES;
				CLANG_ENABLE_OBJC_ARC = YES;
				CLANG_ENABLE_OBJC_WEAK = YES;
				CLANG_WARN_BLOCK_CAPTURE_AUTORELEASING = YES;
				CLANG_WARN_BOOL_CONVERSION = YES;
				CLANG_WARN_COMMA = YES;
				CLANG_WARN_CONSTANT_CONVERSION = YES;
				CLANG_WARN_DEPRECATED_OBJC_IMPLEMENTATIONS = YES;
				CLANG_WARN_DIRECT_OBJC_ISA_USAGE = YES_ERROR;
				CLANG_WARN_DOCUMENTATION_COMMENTS = YES;
				CLANG_WARN_EMPTY_BODY = YES;
				CLANG_WARN_ENUM_CONVERSION = YES;
				CLANG_WARN_INFINITE_RECURSION = YES;
				CLANG_WARN_INT_CONVERSION = YES;
				CLANG_WARN_NON_LITERAL_NULL_CONVERSION = YES;
				CLANG_WARN_OBJC_IMPLICIT_RETAIN_SELF = YES;
				CLANG_WARN_OBJC_LITERAL_CONVERSION = YES;
				CLANG_WARN_OBJC_ROOT_CLASS = YES_ERROR;
				CLANG_WARN_QUOTED_INCLUDE_IN_FRAMEWORK_HEADER = YES;
				CLANG_WARN_RANGE_LOOP_ANALYSIS = YES;
				CLANG_WARN_STRICT_PROTOTYPES = YES;
				CLANG_WARN_SUSPICIOUS_MOVE = YES;
				CLANG_WARN_UNGUARDED_AVAILABILITY = YES_AGGRESSIVE;
				CLANG_WARN_UNREACHABLE_CODE = YES;
				CLANG_WARN__DUPLICATE_METHOD_MATCH = YES;
				COPY_PHASE_STRIP = NO;
				DEBUG_INFORMATION_FORMAT = "dwarf-with-dsym";
				ENABLE_NS_ASSERTIONS = NO;
				ENABLE_STRICT_OBJC_MSGSEND = YES;
				GCC_C_LANGUAGE_STANDARD = gnu11;
				GCC_NO_COMMON_BLOCKS = YES;
				GCC_WARN_64_TO_32_BIT_CONVERSION = YES;
				GCC_WARN_ABOUT_RETURN_TYPE = YES_ERROR;
				GCC_WARN_UNDECLARED_SELECTOR = YES;
				GCC_WARN_UNINITIALIZED_AUTOS = YES_AGGRESSIVE;
				GCC_WARN_UNUSED_FUNCTION = YES;
				GCC_WARN_UNUSED_VARIABLE = YES;
				IPHONEOS_DEPLOYMENT_TARGET = 16.1;
				MTL_ENABLE_DEBUG_INFO = NO;
				MTL_FAST_MATH = YES;
				SDKROOT = iphoneos;
				SWIFT_COMPILATION_MODE = wholemodule;
				SWIFT_OPTIMIZATION_LEVEL = "-O";
				VALIDATE_PRODUCT = YES;
			};
			name = Release;
		};
		8CF43231294F5F5100B4F8F4 /* Debug */ = {
			isa = XCBuildConfiguration;
			buildSettings = {
				ASSETCATALOG_COMPILER_APPICON_NAME = AppIcon;
				ASSETCATALOG_COMPILER_GLOBAL_ACCENT_COLOR_NAME = AccentColor;
				CODE_SIGN_STYLE = Automatic;
				CURRENT_PROJECT_VERSION = 1;
				DEVELOPMENT_ASSET_PATHS = "\"lastTest/Preview Content\"";
				ENABLE_PREVIEWS = YES;
				GENERATE_INFOPLIST_FILE = YES;
				INFOPLIST_KEY_UIApplicationSceneManifest_Generation = YES;
				INFOPLIST_KEY_UIApplicationSupportsIndirectInputEvents = YES;
				INFOPLIST_KEY_UILaunchScreen_Generation = YES;
				INFOPLIST_KEY_UISupportedInterfaceOrientations_iPad = "UIInterfaceOrientationPortrait UIInterfaceOrientationPortraitUpsideDown UIInterfaceOrientationLandscapeLeft UIInterfaceOrientationLandscapeRight";
				INFOPLIST_KEY_UISupportedInterfaceOrientations_iPhone = "UIInterfaceOrientationPortrait UIInterfaceOrientationLandscapeLeft UIInterfaceOrientationLandscapeRight";
				LD_RUNPATH_SEARCH_PATHS = (
					"$(inherited)",
					"@executable_path/Frameworks",
				);
				MARKETING_VERSION = 1.0;
				PRODUCT_BUNDLE_IDENTIFIER = Efrei.lastTest;
				PRODUCT_NAME = "$(TARGET_NAME)";
				SWIFT_EMIT_LOC_STRINGS = YES;
				SWIFT_VERSION = 5.0;
				TARGETED_DEVICE_FAMILY = "1,2";
			};
			name = Debug;
		};
		8CF43232294F5F5100B4F8F4 /* Release */ = {
			isa = XCBuildConfiguration;
			buildSettings = {
				ASSETCATALOG_COMPILER_APPICON_NAME = AppIcon;
				ASSETCATALOG_COMPILER_GLOBAL_ACCENT_COLOR_NAME = AccentColor;
				CODE_SIGN_STYLE = Automatic;
				CURRENT_PROJECT_VERSION = 1;
				DEVELOPMENT_ASSET_PATHS = "\"lastTest/Preview Content\"";
				ENABLE_PREVIEWS = YES;
				GENERATE_INFOPLIST_FILE = YES;
				INFOPLIST_KEY_UIApplicationSceneManifest_Generation = YES;
				INFOPLIST_KEY_UIApplicationSupportsIndirectInputEvents = YES;
				INFOPLIST_KEY_UILaunchScreen_Generation = YES;
				INFOPLIST_KEY_UISupportedInterfaceOrientations_iPad = "UIInterfaceOrientationPortrait UIInterfaceOrientationPortraitUpsideDown UIInterfaceOrientationLandscapeLeft UIInterfaceOrientationLandscapeRight";
				INFOPLIST_KEY_UISupportedInterfaceOrientations_iPhone = "UIInterfaceOrientationPortrait UIInterfaceOrientationLandscapeLeft UIInterfaceOrientationLandscapeRight";
				LD_RUNPATH_SEARCH_PATHS = (
					"$(inherited)",
					"@executable_path/Frameworks",
				);
				MARKETING_VERSION = 1.0;
				PRODUCT_BUNDLE_IDENTIFIER = Efrei.lastTest;
				PRODUCT_NAME = "$(TARGET_NAME)";
				SWIFT_EMIT_LOC_STRINGS = YES;
				SWIFT_VERSION = 5.0;
				TARGETED_DEVICE_FAMILY = "1,2";
			};
			name = Release;
		};
		8CF43234294F5F5100B4F8F4 /* Debug */ = {
			isa = XCBuildConfiguration;
			buildSettings = {
				ALWAYS_EMBED_SWIFT_STANDARD_LIBRARIES = YES;
				BUNDLE_LOADER = "$(TEST_HOST)";
				CODE_SIGN_STYLE = Automatic;
				CURRENT_PROJECT_VERSION = 1;
				GENERATE_INFOPLIST_FILE = YES;
				IPHONEOS_DEPLOYMENT_TARGET = 16.1;
				MARKETING_VERSION = 1.0;
				PRODUCT_BUNDLE_IDENTIFIER = Efrei.lastTestTests;
				PRODUCT_NAME = "$(TARGET_NAME)";
				SWIFT_EMIT_LOC_STRINGS = NO;
				SWIFT_VERSION = 5.0;
				TARGETED_DEVICE_FAMILY = "1,2";
				TEST_HOST = "$(BUILT_PRODUCTS_DIR)/lastTest.app/$(BUNDLE_EXECUTABLE_FOLDER_PATH)/lastTest";
			};
			name = Debug;
		};
		8CF43235294F5F5100B4F8F4 /* Release */ = {
			isa = XCBuildConfiguration;
			buildSettings = {
				ALWAYS_EMBED_SWIFT_STANDARD_LIBRARIES = YES;
				BUNDLE_LOADER = "$(TEST_HOST)";
				CODE_SIGN_STYLE = Automatic;
				CURRENT_PROJECT_VERSION = 1;
				GENERATE_INFOPLIST_FILE = YES;
				IPHONEOS_DEPLOYMENT_TARGET = 16.1;
				MARKETING_VERSION = 1.0;
				PRODUCT_BUNDLE_IDENTIFIER = Efrei.lastTestTests;
				PRODUCT_NAME = "$(TARGET_NAME)";
				SWIFT_EMIT_LOC_STRINGS = NO;
				SWIFT_VERSION = 5.0;
				TARGETED_DEVICE_FAMILY = "1,2";
				TEST_HOST = "$(BUILT_PRODUCTS_DIR)/lastTest.app/$(BUNDLE_EXECUTABLE_FOLDER_PATH)/lastTest";
			};
			name = Release;
		};
		8CF43237294F5F5100B4F8F4 /* Debug */ = {
			isa = XCBuildConfiguration;
			buildSettings = {
				ALWAYS_EMBED_SWIFT_STANDARD_LIBRARIES = YES;
				CODE_SIGN_STYLE = Automatic;
				CURRENT_PROJECT_VERSION = 1;
				GENERATE_INFOPLIST_FILE = YES;
				MARKETING_VERSION = 1.0;
				PRODUCT_BUNDLE_IDENTIFIER = Efrei.lastTestUITests;
				PRODUCT_NAME = "$(TARGET_NAME)";
				SWIFT_EMIT_LOC_STRINGS = NO;
				SWIFT_VERSION = 5.0;
				TARGETED_DEVICE_FAMILY = "1,2";
				TEST_TARGET_NAME = lastTest;
			};
			name = Debug;
		};
		8CF43238294F5F5100B4F8F4 /* Release */ = {
			isa = XCBuildConfiguration;
			buildSettings = {
				ALWAYS_EMBED_SWIFT_STANDARD_LIBRARIES = YES;
				CODE_SIGN_STYLE = Automatic;
				CURRENT_PROJECT_VERSION = 1;
				GENERATE_INFOPLIST_FILE = YES;
				MARKETING_VERSION = 1.0;
				PRODUCT_BUNDLE_IDENTIFIER = Efrei.lastTestUITests;
				PRODUCT_NAME = "$(TARGET_NAME)";
				SWIFT_EMIT_LOC_STRINGS = NO;
				SWIFT_VERSION = 5.0;
				TARGETED_DEVICE_FAMILY = "1,2";
				TEST_TARGET_NAME = lastTest;
			};
			name = Release;
		};
/* End XCBuildConfiguration section */

/* Begin XCConfigurationList section */
		8CF43207294F5F4E00B4F8F4 /* Build configuration list for PBXProject "lastTest" */ = {
			isa = XCConfigurationList;
			buildConfigurations = (
				8CF4322E294F5F5100B4F8F4 /* Debug */,
				8CF4322F294F5F5100B4F8F4 /* Release */,
			);
			defaultConfigurationIsVisible = 0;
			defaultConfigurationName = Release;
		};
		8CF43230294F5F5100B4F8F4 /* Build configuration list for PBXNativeTarget "lastTest" */ = {
			isa = XCConfigurationList;
			buildConfigurations = (
				8CF43231294F5F5100B4F8F4 /* Debug */,
				8CF43232294F5F5100B4F8F4 /* Release */,
			);
			defaultConfigurationIsVisible = 0;
			defaultConfigurationName = Release;
		};
		8CF43233294F5F5100B4F8F4 /* Build configuration list for PBXNativeTarget "lastTestTests" */ = {
			isa = XCConfigurationList;
			buildConfigurations = (
				8CF43234294F5F5100B4F8F4 /* Debug */,
				8CF43235294F5F5100B4F8F4 /* Release */,
			);
			defaultConfigurationIsVisible = 0;
			defaultConfigurationName = Release;
		};
		8CF43236294F5F5100B4F8F4 /* Build configuration list for PBXNativeTarget "lastTestUITests" */ = {
			isa = XCConfigurationList;
			buildConfigurations = (
				8CF43237294F5F5100B4F8F4 /* Debug */,
				8CF43238294F5F5100B4F8F4 /* Release */,
			);
			defaultConfigurationIsVisible = 0;
			defaultConfigurationName = Release;
		};
/* End XCConfigurationList section */
	};
	rootObject = 8CF43204294F5F4E00B4F8F4 /* Project object */;
}
